// !$*UTF8*$!
{
	archiveVersion = 1;
	classes = {
	};
	objectVersion = 46;
	objects = {

/* Begin PBXBuildFile section */
		CD1B87E71F2E1F0500E4CB23 /* ReactiveCocoa.h in Headers */ = {isa = PBXBuildFile; fileRef = CD1B87E51F2E1F0500E4CB23 /* ReactiveCocoa.h */; settings = {ATTRIBUTES = (Public, ); }; };
		CD1B87E81F2E1F0500E4CB23 /* ReactiveCocoa.h in Headers */ = {isa = PBXBuildFile; fileRef = CD1B87E51F2E1F0500E4CB23 /* ReactiveCocoa.h */; settings = {ATTRIBUTES = (Public, ); }; };
		CD1B87E91F2E1F0500E4CB23 /* ReactiveCocoa.m in Sources */ = {isa = PBXBuildFile; fileRef = CD1B87E61F2E1F0500E4CB23 /* ReactiveCocoa.m */; };
		CD1B87EA1F2E1F0500E4CB23 /* ReactiveCocoa.m in Sources */ = {isa = PBXBuildFile; fileRef = CD1B87E61F2E1F0500E4CB23 /* ReactiveCocoa.m */; };
		D01B7B6219EDD8FE00D26E01 /* Nimble.framework in Copy Frameworks */ = {isa = PBXBuildFile; fileRef = D05E662419EDD82000904ACA /* Nimble.framework */; settings = {ATTRIBUTES = (RemoveHeadersOnCopy, ); }; };
		D01B7B6319EDD8FE00D26E01 /* Quick.framework in Copy Frameworks */ = {isa = PBXBuildFile; fileRef = D037672B19EDA75D00A782A9 /* Quick.framework */; settings = {ATTRIBUTES = (RemoveHeadersOnCopy, ); }; };
		D01B7B6419EDD94B00D26E01 /* ReactiveCocoa.framework in Copy Frameworks */ = {isa = PBXBuildFile; fileRef = D047260C19E49F82006002AA /* ReactiveCocoa.framework */; settings = {ATTRIBUTES = (RemoveHeadersOnCopy, ); }; };
		D03766B919EDA60000A782A9 /* NSControllerRACSupportSpec.m in Sources */ = {isa = PBXBuildFile; fileRef = D037667619EDA60000A782A9 /* NSControllerRACSupportSpec.m */; };
		D03766BD19EDA60000A782A9 /* NSEnumeratorRACSequenceAdditionsSpec.m in Sources */ = {isa = PBXBuildFile; fileRef = D037667819EDA60000A782A9 /* NSEnumeratorRACSequenceAdditionsSpec.m */; };
		D03766BE19EDA60000A782A9 /* NSEnumeratorRACSequenceAdditionsSpec.m in Sources */ = {isa = PBXBuildFile; fileRef = D037667819EDA60000A782A9 /* NSEnumeratorRACSequenceAdditionsSpec.m */; };
		D03766BF19EDA60000A782A9 /* NSNotificationCenterRACSupportSpec.m in Sources */ = {isa = PBXBuildFile; fileRef = D037667919EDA60000A782A9 /* NSNotificationCenterRACSupportSpec.m */; };
		D03766C019EDA60000A782A9 /* NSNotificationCenterRACSupportSpec.m in Sources */ = {isa = PBXBuildFile; fileRef = D037667919EDA60000A782A9 /* NSNotificationCenterRACSupportSpec.m */; };
		D03766C119EDA60000A782A9 /* NSObjectRACAppKitBindingsSpec.m in Sources */ = {isa = PBXBuildFile; fileRef = D037667A19EDA60000A782A9 /* NSObjectRACAppKitBindingsSpec.m */; };
		D03766C319EDA60000A782A9 /* NSObjectRACDeallocatingSpec.m in Sources */ = {isa = PBXBuildFile; fileRef = D037667B19EDA60000A782A9 /* NSObjectRACDeallocatingSpec.m */; };
		D03766C419EDA60000A782A9 /* NSObjectRACDeallocatingSpec.m in Sources */ = {isa = PBXBuildFile; fileRef = D037667B19EDA60000A782A9 /* NSObjectRACDeallocatingSpec.m */; };
		D03766C519EDA60000A782A9 /* NSObjectRACLiftingSpec.m in Sources */ = {isa = PBXBuildFile; fileRef = D037667C19EDA60000A782A9 /* NSObjectRACLiftingSpec.m */; };
		D03766C619EDA60000A782A9 /* NSObjectRACLiftingSpec.m in Sources */ = {isa = PBXBuildFile; fileRef = D037667C19EDA60000A782A9 /* NSObjectRACLiftingSpec.m */; };
		D03766C719EDA60000A782A9 /* NSObjectRACPropertySubscribingExamples.m in Sources */ = {isa = PBXBuildFile; fileRef = D037667E19EDA60000A782A9 /* NSObjectRACPropertySubscribingExamples.m */; };
		D03766C819EDA60000A782A9 /* NSObjectRACPropertySubscribingExamples.m in Sources */ = {isa = PBXBuildFile; fileRef = D037667E19EDA60000A782A9 /* NSObjectRACPropertySubscribingExamples.m */; };
		D03766C919EDA60000A782A9 /* NSObjectRACPropertySubscribingSpec.m in Sources */ = {isa = PBXBuildFile; fileRef = D037667F19EDA60000A782A9 /* NSObjectRACPropertySubscribingSpec.m */; };
		D03766CA19EDA60000A782A9 /* NSObjectRACPropertySubscribingSpec.m in Sources */ = {isa = PBXBuildFile; fileRef = D037667F19EDA60000A782A9 /* NSObjectRACPropertySubscribingSpec.m */; };
		D03766CB19EDA60000A782A9 /* NSObjectRACSelectorSignalSpec.m in Sources */ = {isa = PBXBuildFile; fileRef = D037668019EDA60000A782A9 /* NSObjectRACSelectorSignalSpec.m */; };
		D03766CC19EDA60000A782A9 /* NSObjectRACSelectorSignalSpec.m in Sources */ = {isa = PBXBuildFile; fileRef = D037668019EDA60000A782A9 /* NSObjectRACSelectorSignalSpec.m */; };
		D03766CD19EDA60000A782A9 /* NSStringRACKeyPathUtilitiesSpec.m in Sources */ = {isa = PBXBuildFile; fileRef = D037668119EDA60000A782A9 /* NSStringRACKeyPathUtilitiesSpec.m */; };
		D03766CE19EDA60000A782A9 /* NSStringRACKeyPathUtilitiesSpec.m in Sources */ = {isa = PBXBuildFile; fileRef = D037668119EDA60000A782A9 /* NSStringRACKeyPathUtilitiesSpec.m */; };
		D03766D119EDA60000A782A9 /* NSURLConnectionRACSupportSpec.m in Sources */ = {isa = PBXBuildFile; fileRef = D037668319EDA60000A782A9 /* NSURLConnectionRACSupportSpec.m */; };
		D03766D219EDA60000A782A9 /* NSURLConnectionRACSupportSpec.m in Sources */ = {isa = PBXBuildFile; fileRef = D037668319EDA60000A782A9 /* NSURLConnectionRACSupportSpec.m */; };
		D03766D319EDA60000A782A9 /* NSUserDefaultsRACSupportSpec.m in Sources */ = {isa = PBXBuildFile; fileRef = D037668419EDA60000A782A9 /* NSUserDefaultsRACSupportSpec.m */; };
		D03766D419EDA60000A782A9 /* NSUserDefaultsRACSupportSpec.m in Sources */ = {isa = PBXBuildFile; fileRef = D037668419EDA60000A782A9 /* NSUserDefaultsRACSupportSpec.m */; };
		D03766D519EDA60000A782A9 /* RACBacktraceSpec.m in Sources */ = {isa = PBXBuildFile; fileRef = D037668519EDA60000A782A9 /* RACBacktraceSpec.m */; };
		D03766D619EDA60000A782A9 /* RACBacktraceSpec.m in Sources */ = {isa = PBXBuildFile; fileRef = D037668519EDA60000A782A9 /* RACBacktraceSpec.m */; };
		D03766D719EDA60000A782A9 /* RACBlockTrampolineSpec.m in Sources */ = {isa = PBXBuildFile; fileRef = D037668619EDA60000A782A9 /* RACBlockTrampolineSpec.m */; };
		D03766D819EDA60000A782A9 /* RACBlockTrampolineSpec.m in Sources */ = {isa = PBXBuildFile; fileRef = D037668619EDA60000A782A9 /* RACBlockTrampolineSpec.m */; };
		D03766D919EDA60000A782A9 /* RACChannelExamples.m in Sources */ = {isa = PBXBuildFile; fileRef = D037668819EDA60000A782A9 /* RACChannelExamples.m */; };
		D03766DA19EDA60000A782A9 /* RACChannelExamples.m in Sources */ = {isa = PBXBuildFile; fileRef = D037668819EDA60000A782A9 /* RACChannelExamples.m */; };
		D03766DB19EDA60000A782A9 /* RACChannelSpec.m in Sources */ = {isa = PBXBuildFile; fileRef = D037668919EDA60000A782A9 /* RACChannelSpec.m */; };
		D03766DC19EDA60000A782A9 /* RACChannelSpec.m in Sources */ = {isa = PBXBuildFile; fileRef = D037668919EDA60000A782A9 /* RACChannelSpec.m */; };
		D03766DD19EDA60000A782A9 /* RACCommandSpec.m in Sources */ = {isa = PBXBuildFile; fileRef = D037668A19EDA60000A782A9 /* RACCommandSpec.m */; };
		D03766DE19EDA60000A782A9 /* RACCommandSpec.m in Sources */ = {isa = PBXBuildFile; fileRef = D037668A19EDA60000A782A9 /* RACCommandSpec.m */; };
		D03766DF19EDA60000A782A9 /* RACCompoundDisposableSpec.m in Sources */ = {isa = PBXBuildFile; fileRef = D037668B19EDA60000A782A9 /* RACCompoundDisposableSpec.m */; };
		D03766E019EDA60000A782A9 /* RACCompoundDisposableSpec.m in Sources */ = {isa = PBXBuildFile; fileRef = D037668B19EDA60000A782A9 /* RACCompoundDisposableSpec.m */; };
		D03766E119EDA60000A782A9 /* RACControlCommandExamples.m in Sources */ = {isa = PBXBuildFile; fileRef = D037668D19EDA60000A782A9 /* RACControlCommandExamples.m */; };
		D03766E219EDA60000A782A9 /* RACControlCommandExamples.m in Sources */ = {isa = PBXBuildFile; fileRef = D037668D19EDA60000A782A9 /* RACControlCommandExamples.m */; };
		D03766E319EDA60000A782A9 /* RACDelegateProxySpec.m in Sources */ = {isa = PBXBuildFile; fileRef = D037668E19EDA60000A782A9 /* RACDelegateProxySpec.m */; };
		D03766E419EDA60000A782A9 /* RACDelegateProxySpec.m in Sources */ = {isa = PBXBuildFile; fileRef = D037668E19EDA60000A782A9 /* RACDelegateProxySpec.m */; };
		D03766E519EDA60000A782A9 /* RACDisposableSpec.m in Sources */ = {isa = PBXBuildFile; fileRef = D037668F19EDA60000A782A9 /* RACDisposableSpec.m */; };
		D03766E619EDA60000A782A9 /* RACDisposableSpec.m in Sources */ = {isa = PBXBuildFile; fileRef = D037668F19EDA60000A782A9 /* RACDisposableSpec.m */; };
		D03766E719EDA60000A782A9 /* RACEventSpec.m in Sources */ = {isa = PBXBuildFile; fileRef = D037669019EDA60000A782A9 /* RACEventSpec.m */; };
		D03766E819EDA60000A782A9 /* RACEventSpec.m in Sources */ = {isa = PBXBuildFile; fileRef = D037669019EDA60000A782A9 /* RACEventSpec.m */; };
		D03766E919EDA60000A782A9 /* RACKVOChannelSpec.m in Sources */ = {isa = PBXBuildFile; fileRef = D037669119EDA60000A782A9 /* RACKVOChannelSpec.m */; };
		D03766EA19EDA60000A782A9 /* RACKVOChannelSpec.m in Sources */ = {isa = PBXBuildFile; fileRef = D037669119EDA60000A782A9 /* RACKVOChannelSpec.m */; };
		D03766EB19EDA60000A782A9 /* RACKVOWrapperSpec.m in Sources */ = {isa = PBXBuildFile; fileRef = D037669219EDA60000A782A9 /* RACKVOWrapperSpec.m */; };
		D03766EC19EDA60000A782A9 /* RACKVOWrapperSpec.m in Sources */ = {isa = PBXBuildFile; fileRef = D037669219EDA60000A782A9 /* RACKVOWrapperSpec.m */; };
		D03766ED19EDA60000A782A9 /* RACMulticastConnectionSpec.m in Sources */ = {isa = PBXBuildFile; fileRef = D037669319EDA60000A782A9 /* RACMulticastConnectionSpec.m */; };
		D03766EE19EDA60000A782A9 /* RACMulticastConnectionSpec.m in Sources */ = {isa = PBXBuildFile; fileRef = D037669319EDA60000A782A9 /* RACMulticastConnectionSpec.m */; };
		D03766EF19EDA60000A782A9 /* RACPropertySignalExamples.m in Sources */ = {isa = PBXBuildFile; fileRef = D037669519EDA60000A782A9 /* RACPropertySignalExamples.m */; };
		D03766F019EDA60000A782A9 /* RACPropertySignalExamples.m in Sources */ = {isa = PBXBuildFile; fileRef = D037669519EDA60000A782A9 /* RACPropertySignalExamples.m */; };
		D03766F119EDA60000A782A9 /* RACSchedulerSpec.m in Sources */ = {isa = PBXBuildFile; fileRef = D037669619EDA60000A782A9 /* RACSchedulerSpec.m */; };
		D03766F219EDA60000A782A9 /* RACSchedulerSpec.m in Sources */ = {isa = PBXBuildFile; fileRef = D037669619EDA60000A782A9 /* RACSchedulerSpec.m */; };
		D03766F319EDA60000A782A9 /* RACSequenceAdditionsSpec.m in Sources */ = {isa = PBXBuildFile; fileRef = D037669719EDA60000A782A9 /* RACSequenceAdditionsSpec.m */; };
		D03766F419EDA60000A782A9 /* RACSequenceAdditionsSpec.m in Sources */ = {isa = PBXBuildFile; fileRef = D037669719EDA60000A782A9 /* RACSequenceAdditionsSpec.m */; };
		D03766F519EDA60000A782A9 /* RACSequenceExamples.m in Sources */ = {isa = PBXBuildFile; fileRef = D037669919EDA60000A782A9 /* RACSequenceExamples.m */; };
		D03766F619EDA60000A782A9 /* RACSequenceExamples.m in Sources */ = {isa = PBXBuildFile; fileRef = D037669919EDA60000A782A9 /* RACSequenceExamples.m */; };
		D03766F719EDA60000A782A9 /* RACSequenceSpec.m in Sources */ = {isa = PBXBuildFile; fileRef = D037669A19EDA60000A782A9 /* RACSequenceSpec.m */; };
		D03766F819EDA60000A782A9 /* RACSequenceSpec.m in Sources */ = {isa = PBXBuildFile; fileRef = D037669A19EDA60000A782A9 /* RACSequenceSpec.m */; };
		D03766F919EDA60000A782A9 /* RACSerialDisposableSpec.m in Sources */ = {isa = PBXBuildFile; fileRef = D037669B19EDA60000A782A9 /* RACSerialDisposableSpec.m */; };
		D03766FA19EDA60000A782A9 /* RACSerialDisposableSpec.m in Sources */ = {isa = PBXBuildFile; fileRef = D037669B19EDA60000A782A9 /* RACSerialDisposableSpec.m */; };
		D03766FB19EDA60000A782A9 /* RACSignalSpec.m in Sources */ = {isa = PBXBuildFile; fileRef = D037669C19EDA60000A782A9 /* RACSignalSpec.m */; };
		D03766FC19EDA60000A782A9 /* RACSignalSpec.m in Sources */ = {isa = PBXBuildFile; fileRef = D037669C19EDA60000A782A9 /* RACSignalSpec.m */; };
		D03766FF19EDA60000A782A9 /* RACStreamExamples.m in Sources */ = {isa = PBXBuildFile; fileRef = D03766A019EDA60000A782A9 /* RACStreamExamples.m */; };
		D037670019EDA60000A782A9 /* RACStreamExamples.m in Sources */ = {isa = PBXBuildFile; fileRef = D03766A019EDA60000A782A9 /* RACStreamExamples.m */; };
		D037670119EDA60000A782A9 /* RACSubclassObject.m in Sources */ = {isa = PBXBuildFile; fileRef = D03766A219EDA60000A782A9 /* RACSubclassObject.m */; };
		D037670219EDA60000A782A9 /* RACSubclassObject.m in Sources */ = {isa = PBXBuildFile; fileRef = D03766A219EDA60000A782A9 /* RACSubclassObject.m */; };
		D037670319EDA60000A782A9 /* RACSubjectSpec.m in Sources */ = {isa = PBXBuildFile; fileRef = D03766A319EDA60000A782A9 /* RACSubjectSpec.m */; };
		D037670419EDA60000A782A9 /* RACSubjectSpec.m in Sources */ = {isa = PBXBuildFile; fileRef = D03766A319EDA60000A782A9 /* RACSubjectSpec.m */; };
		D037670519EDA60000A782A9 /* RACSubscriberExamples.m in Sources */ = {isa = PBXBuildFile; fileRef = D03766A519EDA60000A782A9 /* RACSubscriberExamples.m */; };
		D037670619EDA60000A782A9 /* RACSubscriberExamples.m in Sources */ = {isa = PBXBuildFile; fileRef = D03766A519EDA60000A782A9 /* RACSubscriberExamples.m */; };
		D037670719EDA60000A782A9 /* RACSubscriberSpec.m in Sources */ = {isa = PBXBuildFile; fileRef = D03766A619EDA60000A782A9 /* RACSubscriberSpec.m */; };
		D037670819EDA60000A782A9 /* RACSubscriberSpec.m in Sources */ = {isa = PBXBuildFile; fileRef = D03766A619EDA60000A782A9 /* RACSubscriberSpec.m */; };
		D037670919EDA60000A782A9 /* RACSubscriptingAssignmentTrampolineSpec.m in Sources */ = {isa = PBXBuildFile; fileRef = D03766A719EDA60000A782A9 /* RACSubscriptingAssignmentTrampolineSpec.m */; };
		D037670A19EDA60000A782A9 /* RACSubscriptingAssignmentTrampolineSpec.m in Sources */ = {isa = PBXBuildFile; fileRef = D03766A719EDA60000A782A9 /* RACSubscriptingAssignmentTrampolineSpec.m */; };
		D037670B19EDA60000A782A9 /* RACTargetQueueSchedulerSpec.m in Sources */ = {isa = PBXBuildFile; fileRef = D03766A819EDA60000A782A9 /* RACTargetQueueSchedulerSpec.m */; };
		D037670C19EDA60000A782A9 /* RACTargetQueueSchedulerSpec.m in Sources */ = {isa = PBXBuildFile; fileRef = D03766A819EDA60000A782A9 /* RACTargetQueueSchedulerSpec.m */; };
		D037670D19EDA60000A782A9 /* RACTestExampleScheduler.m in Sources */ = {isa = PBXBuildFile; fileRef = D03766AA19EDA60000A782A9 /* RACTestExampleScheduler.m */; };
		D037670E19EDA60000A782A9 /* RACTestExampleScheduler.m in Sources */ = {isa = PBXBuildFile; fileRef = D03766AA19EDA60000A782A9 /* RACTestExampleScheduler.m */; };
		D037670F19EDA60000A782A9 /* RACTestObject.m in Sources */ = {isa = PBXBuildFile; fileRef = D03766AC19EDA60000A782A9 /* RACTestObject.m */; };
		D037671019EDA60000A782A9 /* RACTestObject.m in Sources */ = {isa = PBXBuildFile; fileRef = D03766AC19EDA60000A782A9 /* RACTestObject.m */; };
		D037671119EDA60000A782A9 /* RACTestSchedulerSpec.m in Sources */ = {isa = PBXBuildFile; fileRef = D03766AD19EDA60000A782A9 /* RACTestSchedulerSpec.m */; };
		D037671219EDA60000A782A9 /* RACTestSchedulerSpec.m in Sources */ = {isa = PBXBuildFile; fileRef = D03766AD19EDA60000A782A9 /* RACTestSchedulerSpec.m */; };
		D037671419EDA60000A782A9 /* RACTestUIButton.m in Sources */ = {isa = PBXBuildFile; fileRef = D03766AF19EDA60000A782A9 /* RACTestUIButton.m */; };
		D037671519EDA60000A782A9 /* RACTupleSpec.m in Sources */ = {isa = PBXBuildFile; fileRef = D03766B019EDA60000A782A9 /* RACTupleSpec.m */; };
		D037671619EDA60000A782A9 /* RACTupleSpec.m in Sources */ = {isa = PBXBuildFile; fileRef = D03766B019EDA60000A782A9 /* RACTupleSpec.m */; };
		D037671719EDA60000A782A9 /* test-data.json in Resources */ = {isa = PBXBuildFile; fileRef = D03766B119EDA60000A782A9 /* test-data.json */; };
		D037671819EDA60000A782A9 /* test-data.json in Resources */ = {isa = PBXBuildFile; fileRef = D03766B119EDA60000A782A9 /* test-data.json */; };
		D037671A19EDA60000A782A9 /* UIActionSheetRACSupportSpec.m in Sources */ = {isa = PBXBuildFile; fileRef = D03766B219EDA60000A782A9 /* UIActionSheetRACSupportSpec.m */; };
		D037671C19EDA60000A782A9 /* UIAlertViewRACSupportSpec.m in Sources */ = {isa = PBXBuildFile; fileRef = D03766B319EDA60000A782A9 /* UIAlertViewRACSupportSpec.m */; };
		D037671E19EDA60000A782A9 /* UIBarButtonItemRACSupportSpec.m in Sources */ = {isa = PBXBuildFile; fileRef = D03766B419EDA60000A782A9 /* UIBarButtonItemRACSupportSpec.m */; };
		D037672019EDA60000A782A9 /* UIButtonRACSupportSpec.m in Sources */ = {isa = PBXBuildFile; fileRef = D03766B519EDA60000A782A9 /* UIButtonRACSupportSpec.m */; };
		D037672419EDA60000A782A9 /* UIImagePickerControllerRACSupportSpec.m in Sources */ = {isa = PBXBuildFile; fileRef = D03766B719EDA60000A782A9 /* UIImagePickerControllerRACSupportSpec.m */; };
		D037672D19EDA75D00A782A9 /* Quick.framework in Frameworks */ = {isa = PBXBuildFile; fileRef = D037672B19EDA75D00A782A9 /* Quick.framework */; };
		D037672F19EDA78B00A782A9 /* Quick.framework in Frameworks */ = {isa = PBXBuildFile; fileRef = D037672B19EDA75D00A782A9 /* Quick.framework */; };
		D037673919EDCA0E00A782A9 /* SwiftSpec.swift in Sources */ = {isa = PBXBuildFile; fileRef = D037673819EDCA0E00A782A9 /* SwiftSpec.swift */; };
		D037673A19EDCA0E00A782A9 /* SwiftSpec.swift in Sources */ = {isa = PBXBuildFile; fileRef = D037673819EDCA0E00A782A9 /* SwiftSpec.swift */; };
		D04725F619E49ED7006002AA /* ReactiveCocoa.framework in Frameworks */ = {isa = PBXBuildFile; fileRef = D04725EA19E49ED7006002AA /* ReactiveCocoa.framework */; };
		D047261719E49F82006002AA /* ReactiveCocoa.framework in Frameworks */ = {isa = PBXBuildFile; fileRef = D047260C19E49F82006002AA /* ReactiveCocoa.framework */; };
		D05E662519EDD82000904ACA /* Nimble.framework in Frameworks */ = {isa = PBXBuildFile; fileRef = D05E662419EDD82000904ACA /* Nimble.framework */; };
		D05E662619EDD83000904ACA /* Nimble.framework in Frameworks */ = {isa = PBXBuildFile; fileRef = D05E662419EDD82000904ACA /* Nimble.framework */; };
/* End PBXBuildFile section */

/* Begin PBXContainerItemProxy section */
		D04725F719E49ED7006002AA /* PBXContainerItemProxy */ = {
			isa = PBXContainerItemProxy;
			containerPortal = D04725E119E49ED7006002AA /* Project object */;
			proxyType = 1;
			remoteGlobalIDString = D04725E919E49ED7006002AA;
			remoteInfo = ReactiveCocoa;
		};
		D047261819E49F82006002AA /* PBXContainerItemProxy */ = {
			isa = PBXContainerItemProxy;
			containerPortal = D04725E119E49ED7006002AA /* Project object */;
			proxyType = 1;
			remoteGlobalIDString = D047260B19E49F82006002AA;
			remoteInfo = ReactiveCocoa;
		};
/* End PBXContainerItemProxy section */

/* Begin PBXCopyFilesBuildPhase section */
		D01B7B6119EDD8F600D26E01 /* Copy Frameworks */ = {
			isa = PBXCopyFilesBuildPhase;
			buildActionMask = 2147483647;
			dstPath = "";
			dstSubfolderSpec = 10;
			files = (
				D01B7B6219EDD8FE00D26E01 /* Nimble.framework in Copy Frameworks */,
				D01B7B6319EDD8FE00D26E01 /* Quick.framework in Copy Frameworks */,
				D01B7B6419EDD94B00D26E01 /* ReactiveCocoa.framework in Copy Frameworks */,
			);
			name = "Copy Frameworks";
			runOnlyForDeploymentPostprocessing = 0;
		};
/* End PBXCopyFilesBuildPhase section */

/* Begin PBXFileReference section */
		CD1B87E51F2E1F0500E4CB23 /* ReactiveCocoa.h */ = {isa = PBXFileReference; fileEncoding = 4; lastKnownFileType = sourcecode.c.h; path = ReactiveCocoa.h; sourceTree = "<group>"; };
		CD1B87E61F2E1F0500E4CB23 /* ReactiveCocoa.m */ = {isa = PBXFileReference; fileEncoding = 4; lastKnownFileType = sourcecode.c.objc; path = ReactiveCocoa.m; sourceTree = "<group>"; };
		D037667619EDA60000A782A9 /* NSControllerRACSupportSpec.m */ = {isa = PBXFileReference; fileEncoding = 4; lastKnownFileType = sourcecode.c.objc; path = NSControllerRACSupportSpec.m; sourceTree = "<group>"; };
		D037667819EDA60000A782A9 /* NSEnumeratorRACSequenceAdditionsSpec.m */ = {isa = PBXFileReference; fileEncoding = 4; lastKnownFileType = sourcecode.c.objc; path = NSEnumeratorRACSequenceAdditionsSpec.m; sourceTree = "<group>"; };
		D037667919EDA60000A782A9 /* NSNotificationCenterRACSupportSpec.m */ = {isa = PBXFileReference; fileEncoding = 4; lastKnownFileType = sourcecode.c.objc; path = NSNotificationCenterRACSupportSpec.m; sourceTree = "<group>"; };
		D037667A19EDA60000A782A9 /* NSObjectRACAppKitBindingsSpec.m */ = {isa = PBXFileReference; fileEncoding = 4; lastKnownFileType = sourcecode.c.objc; path = NSObjectRACAppKitBindingsSpec.m; sourceTree = "<group>"; };
		D037667B19EDA60000A782A9 /* NSObjectRACDeallocatingSpec.m */ = {isa = PBXFileReference; fileEncoding = 4; lastKnownFileType = sourcecode.c.objc; path = NSObjectRACDeallocatingSpec.m; sourceTree = "<group>"; };
		D037667C19EDA60000A782A9 /* NSObjectRACLiftingSpec.m */ = {isa = PBXFileReference; fileEncoding = 4; lastKnownFileType = sourcecode.c.objc; path = NSObjectRACLiftingSpec.m; sourceTree = "<group>"; };
		D037667D19EDA60000A782A9 /* NSObjectRACPropertySubscribingExamples.h */ = {isa = PBXFileReference; fileEncoding = 4; lastKnownFileType = sourcecode.c.h; path = NSObjectRACPropertySubscribingExamples.h; sourceTree = "<group>"; };
		D037667E19EDA60000A782A9 /* NSObjectRACPropertySubscribingExamples.m */ = {isa = PBXFileReference; fileEncoding = 4; lastKnownFileType = sourcecode.c.objc; path = NSObjectRACPropertySubscribingExamples.m; sourceTree = "<group>"; };
		D037667F19EDA60000A782A9 /* NSObjectRACPropertySubscribingSpec.m */ = {isa = PBXFileReference; fileEncoding = 4; lastKnownFileType = sourcecode.c.objc; path = NSObjectRACPropertySubscribingSpec.m; sourceTree = "<group>"; };
		D037668019EDA60000A782A9 /* NSObjectRACSelectorSignalSpec.m */ = {isa = PBXFileReference; fileEncoding = 4; lastKnownFileType = sourcecode.c.objc; path = NSObjectRACSelectorSignalSpec.m; sourceTree = "<group>"; };
		D037668119EDA60000A782A9 /* NSStringRACKeyPathUtilitiesSpec.m */ = {isa = PBXFileReference; fileEncoding = 4; lastKnownFileType = sourcecode.c.objc; path = NSStringRACKeyPathUtilitiesSpec.m; sourceTree = "<group>"; };
		D037668319EDA60000A782A9 /* NSURLConnectionRACSupportSpec.m */ = {isa = PBXFileReference; fileEncoding = 4; lastKnownFileType = sourcecode.c.objc; path = NSURLConnectionRACSupportSpec.m; sourceTree = "<group>"; };
		D037668419EDA60000A782A9 /* NSUserDefaultsRACSupportSpec.m */ = {isa = PBXFileReference; fileEncoding = 4; lastKnownFileType = sourcecode.c.objc; path = NSUserDefaultsRACSupportSpec.m; sourceTree = "<group>"; };
		D037668519EDA60000A782A9 /* RACBacktraceSpec.m */ = {isa = PBXFileReference; fileEncoding = 4; lastKnownFileType = sourcecode.c.objc; path = RACBacktraceSpec.m; sourceTree = "<group>"; };
		D037668619EDA60000A782A9 /* RACBlockTrampolineSpec.m */ = {isa = PBXFileReference; fileEncoding = 4; lastKnownFileType = sourcecode.c.objc; path = RACBlockTrampolineSpec.m; sourceTree = "<group>"; };
		D037668719EDA60000A782A9 /* RACChannelExamples.h */ = {isa = PBXFileReference; fileEncoding = 4; lastKnownFileType = sourcecode.c.h; path = RACChannelExamples.h; sourceTree = "<group>"; };
		D037668819EDA60000A782A9 /* RACChannelExamples.m */ = {isa = PBXFileReference; fileEncoding = 4; lastKnownFileType = sourcecode.c.objc; path = RACChannelExamples.m; sourceTree = "<group>"; };
		D037668919EDA60000A782A9 /* RACChannelSpec.m */ = {isa = PBXFileReference; fileEncoding = 4; lastKnownFileType = sourcecode.c.objc; path = RACChannelSpec.m; sourceTree = "<group>"; };
		D037668A19EDA60000A782A9 /* RACCommandSpec.m */ = {isa = PBXFileReference; fileEncoding = 4; lastKnownFileType = sourcecode.c.objc; path = RACCommandSpec.m; sourceTree = "<group>"; };
		D037668B19EDA60000A782A9 /* RACCompoundDisposableSpec.m */ = {isa = PBXFileReference; fileEncoding = 4; lastKnownFileType = sourcecode.c.objc; path = RACCompoundDisposableSpec.m; sourceTree = "<group>"; };
		D037668C19EDA60000A782A9 /* RACControlCommandExamples.h */ = {isa = PBXFileReference; fileEncoding = 4; lastKnownFileType = sourcecode.c.h; path = RACControlCommandExamples.h; sourceTree = "<group>"; };
		D037668D19EDA60000A782A9 /* RACControlCommandExamples.m */ = {isa = PBXFileReference; fileEncoding = 4; lastKnownFileType = sourcecode.c.objc; path = RACControlCommandExamples.m; sourceTree = "<group>"; };
		D037668E19EDA60000A782A9 /* RACDelegateProxySpec.m */ = {isa = PBXFileReference; fileEncoding = 4; lastKnownFileType = sourcecode.c.objc; path = RACDelegateProxySpec.m; sourceTree = "<group>"; };
		D037668F19EDA60000A782A9 /* RACDisposableSpec.m */ = {isa = PBXFileReference; fileEncoding = 4; lastKnownFileType = sourcecode.c.objc; path = RACDisposableSpec.m; sourceTree = "<group>"; };
		D037669019EDA60000A782A9 /* RACEventSpec.m */ = {isa = PBXFileReference; fileEncoding = 4; lastKnownFileType = sourcecode.c.objc; path = RACEventSpec.m; sourceTree = "<group>"; };
		D037669119EDA60000A782A9 /* RACKVOChannelSpec.m */ = {isa = PBXFileReference; fileEncoding = 4; lastKnownFileType = sourcecode.c.objc; path = RACKVOChannelSpec.m; sourceTree = "<group>"; };
		D037669219EDA60000A782A9 /* RACKVOWrapperSpec.m */ = {isa = PBXFileReference; fileEncoding = 4; lastKnownFileType = sourcecode.c.objc; path = RACKVOWrapperSpec.m; sourceTree = "<group>"; };
		D037669319EDA60000A782A9 /* RACMulticastConnectionSpec.m */ = {isa = PBXFileReference; fileEncoding = 4; lastKnownFileType = sourcecode.c.objc; path = RACMulticastConnectionSpec.m; sourceTree = "<group>"; };
		D037669419EDA60000A782A9 /* RACPropertySignalExamples.h */ = {isa = PBXFileReference; fileEncoding = 4; lastKnownFileType = sourcecode.c.h; path = RACPropertySignalExamples.h; sourceTree = "<group>"; };
		D037669519EDA60000A782A9 /* RACPropertySignalExamples.m */ = {isa = PBXFileReference; fileEncoding = 4; lastKnownFileType = sourcecode.c.objc; path = RACPropertySignalExamples.m; sourceTree = "<group>"; };
		D037669619EDA60000A782A9 /* RACSchedulerSpec.m */ = {isa = PBXFileReference; fileEncoding = 4; lastKnownFileType = sourcecode.c.objc; path = RACSchedulerSpec.m; sourceTree = "<group>"; };
		D037669719EDA60000A782A9 /* RACSequenceAdditionsSpec.m */ = {isa = PBXFileReference; fileEncoding = 4; lastKnownFileType = sourcecode.c.objc; path = RACSequenceAdditionsSpec.m; sourceTree = "<group>"; };
		D037669819EDA60000A782A9 /* RACSequenceExamples.h */ = {isa = PBXFileReference; fileEncoding = 4; lastKnownFileType = sourcecode.c.h; path = RACSequenceExamples.h; sourceTree = "<group>"; };
		D037669919EDA60000A782A9 /* RACSequenceExamples.m */ = {isa = PBXFileReference; fileEncoding = 4; lastKnownFileType = sourcecode.c.objc; path = RACSequenceExamples.m; sourceTree = "<group>"; };
		D037669A19EDA60000A782A9 /* RACSequenceSpec.m */ = {isa = PBXFileReference; fileEncoding = 4; lastKnownFileType = sourcecode.c.objc; path = RACSequenceSpec.m; sourceTree = "<group>"; };
		D037669B19EDA60000A782A9 /* RACSerialDisposableSpec.m */ = {isa = PBXFileReference; fileEncoding = 4; lastKnownFileType = sourcecode.c.objc; path = RACSerialDisposableSpec.m; sourceTree = "<group>"; };
		D037669C19EDA60000A782A9 /* RACSignalSpec.m */ = {isa = PBXFileReference; fileEncoding = 4; lastKnownFileType = sourcecode.c.objc; path = RACSignalSpec.m; sourceTree = "<group>"; };
		D037669F19EDA60000A782A9 /* RACStreamExamples.h */ = {isa = PBXFileReference; fileEncoding = 4; lastKnownFileType = sourcecode.c.h; path = RACStreamExamples.h; sourceTree = "<group>"; };
		D03766A019EDA60000A782A9 /* RACStreamExamples.m */ = {isa = PBXFileReference; fileEncoding = 4; lastKnownFileType = sourcecode.c.objc; path = RACStreamExamples.m; sourceTree = "<group>"; };
		D03766A119EDA60000A782A9 /* RACSubclassObject.h */ = {isa = PBXFileReference; fileEncoding = 4; lastKnownFileType = sourcecode.c.h; path = RACSubclassObject.h; sourceTree = "<group>"; };
		D03766A219EDA60000A782A9 /* RACSubclassObject.m */ = {isa = PBXFileReference; fileEncoding = 4; lastKnownFileType = sourcecode.c.objc; path = RACSubclassObject.m; sourceTree = "<group>"; };
		D03766A319EDA60000A782A9 /* RACSubjectSpec.m */ = {isa = PBXFileReference; fileEncoding = 4; lastKnownFileType = sourcecode.c.objc; path = RACSubjectSpec.m; sourceTree = "<group>"; };
		D03766A419EDA60000A782A9 /* RACSubscriberExamples.h */ = {isa = PBXFileReference; fileEncoding = 4; lastKnownFileType = sourcecode.c.h; path = RACSubscriberExamples.h; sourceTree = "<group>"; };
		D03766A519EDA60000A782A9 /* RACSubscriberExamples.m */ = {isa = PBXFileReference; fileEncoding = 4; lastKnownFileType = sourcecode.c.objc; path = RACSubscriberExamples.m; sourceTree = "<group>"; };
		D03766A619EDA60000A782A9 /* RACSubscriberSpec.m */ = {isa = PBXFileReference; fileEncoding = 4; lastKnownFileType = sourcecode.c.objc; path = RACSubscriberSpec.m; sourceTree = "<group>"; };
		D03766A719EDA60000A782A9 /* RACSubscriptingAssignmentTrampolineSpec.m */ = {isa = PBXFileReference; fileEncoding = 4; lastKnownFileType = sourcecode.c.objc; path = RACSubscriptingAssignmentTrampolineSpec.m; sourceTree = "<group>"; };
		D03766A819EDA60000A782A9 /* RACTargetQueueSchedulerSpec.m */ = {isa = PBXFileReference; fileEncoding = 4; lastKnownFileType = sourcecode.c.objc; path = RACTargetQueueSchedulerSpec.m; sourceTree = "<group>"; };
		D03766A919EDA60000A782A9 /* RACTestExampleScheduler.h */ = {isa = PBXFileReference; fileEncoding = 4; lastKnownFileType = sourcecode.c.h; path = RACTestExampleScheduler.h; sourceTree = "<group>"; };
		D03766AA19EDA60000A782A9 /* RACTestExampleScheduler.m */ = {isa = PBXFileReference; fileEncoding = 4; lastKnownFileType = sourcecode.c.objc; path = RACTestExampleScheduler.m; sourceTree = "<group>"; };
		D03766AB19EDA60000A782A9 /* RACTestObject.h */ = {isa = PBXFileReference; fileEncoding = 4; lastKnownFileType = sourcecode.c.h; path = RACTestObject.h; sourceTree = "<group>"; };
		D03766AC19EDA60000A782A9 /* RACTestObject.m */ = {isa = PBXFileReference; fileEncoding = 4; lastKnownFileType = sourcecode.c.objc; path = RACTestObject.m; sourceTree = "<group>"; };
		D03766AD19EDA60000A782A9 /* RACTestSchedulerSpec.m */ = {isa = PBXFileReference; fileEncoding = 4; lastKnownFileType = sourcecode.c.objc; path = RACTestSchedulerSpec.m; sourceTree = "<group>"; };
		D03766AE19EDA60000A782A9 /* RACTestUIButton.h */ = {isa = PBXFileReference; fileEncoding = 4; lastKnownFileType = sourcecode.c.h; path = RACTestUIButton.h; sourceTree = "<group>"; };
		D03766AF19EDA60000A782A9 /* RACTestUIButton.m */ = {isa = PBXFileReference; fileEncoding = 4; lastKnownFileType = sourcecode.c.objc; path = RACTestUIButton.m; sourceTree = "<group>"; };
		D03766B019EDA60000A782A9 /* RACTupleSpec.m */ = {isa = PBXFileReference; fileEncoding = 4; lastKnownFileType = sourcecode.c.objc; path = RACTupleSpec.m; sourceTree = "<group>"; };
		D03766B119EDA60000A782A9 /* test-data.json */ = {isa = PBXFileReference; fileEncoding = 4; lastKnownFileType = text.json; path = "test-data.json"; sourceTree = "<group>"; };
		D03766B219EDA60000A782A9 /* UIActionSheetRACSupportSpec.m */ = {isa = PBXFileReference; fileEncoding = 4; lastKnownFileType = sourcecode.c.objc; path = UIActionSheetRACSupportSpec.m; sourceTree = "<group>"; };
		D03766B319EDA60000A782A9 /* UIAlertViewRACSupportSpec.m */ = {isa = PBXFileReference; fileEncoding = 4; lastKnownFileType = sourcecode.c.objc; path = UIAlertViewRACSupportSpec.m; sourceTree = "<group>"; };
		D03766B419EDA60000A782A9 /* UIBarButtonItemRACSupportSpec.m */ = {isa = PBXFileReference; fileEncoding = 4; lastKnownFileType = sourcecode.c.objc; path = UIBarButtonItemRACSupportSpec.m; sourceTree = "<group>"; };
		D03766B519EDA60000A782A9 /* UIButtonRACSupportSpec.m */ = {isa = PBXFileReference; fileEncoding = 4; lastKnownFileType = sourcecode.c.objc; path = UIButtonRACSupportSpec.m; sourceTree = "<group>"; };
		D03766B719EDA60000A782A9 /* UIImagePickerControllerRACSupportSpec.m */ = {isa = PBXFileReference; fileEncoding = 4; lastKnownFileType = sourcecode.c.objc; path = UIImagePickerControllerRACSupportSpec.m; sourceTree = "<group>"; };
		D037672B19EDA75D00A782A9 /* Quick.framework */ = {isa = PBXFileReference; lastKnownFileType = wrapper.framework; path = Quick.framework; sourceTree = BUILT_PRODUCTS_DIR; };
		D037673819EDCA0E00A782A9 /* SwiftSpec.swift */ = {isa = PBXFileReference; fileEncoding = 4; lastKnownFileType = sourcecode.swift; path = SwiftSpec.swift; sourceTree = "<group>"; };
		D04725EA19E49ED7006002AA /* ReactiveCocoa.framework */ = {isa = PBXFileReference; explicitFileType = wrapper.framework; includeInIndex = 0; path = ReactiveCocoa.framework; sourceTree = BUILT_PRODUCTS_DIR; };
		D04725EE19E49ED7006002AA /* Info.plist */ = {isa = PBXFileReference; lastKnownFileType = text.plist.xml; path = Info.plist; sourceTree = "<group>"; };
		D04725F519E49ED7006002AA /* ReactiveCocoa-MacTests.xctest */ = {isa = PBXFileReference; explicitFileType = wrapper.cfbundle; includeInIndex = 0; path = "ReactiveCocoa-MacTests.xctest"; sourceTree = BUILT_PRODUCTS_DIR; };
		D04725FB19E49ED7006002AA /* Info.plist */ = {isa = PBXFileReference; lastKnownFileType = text.plist.xml; path = Info.plist; sourceTree = "<group>"; };
		D047260C19E49F82006002AA /* ReactiveCocoa.framework */ = {isa = PBXFileReference; explicitFileType = wrapper.framework; includeInIndex = 0; path = ReactiveCocoa.framework; sourceTree = BUILT_PRODUCTS_DIR; };
		D047261619E49F82006002AA /* ReactiveCocoa-iOSTests.xctest */ = {isa = PBXFileReference; explicitFileType = wrapper.cfbundle; includeInIndex = 0; path = "ReactiveCocoa-iOSTests.xctest"; sourceTree = BUILT_PRODUCTS_DIR; };
		D047262719E49FE8006002AA /* Common.xcconfig */ = {isa = PBXFileReference; lastKnownFileType = text.xcconfig; path = Common.xcconfig; sourceTree = "<group>"; };
		D047262919E49FE8006002AA /* Debug.xcconfig */ = {isa = PBXFileReference; lastKnownFileType = text.xcconfig; path = Debug.xcconfig; sourceTree = "<group>"; };
		D047262A19E49FE8006002AA /* Profile.xcconfig */ = {isa = PBXFileReference; lastKnownFileType = text.xcconfig; path = Profile.xcconfig; sourceTree = "<group>"; };
		D047262B19E49FE8006002AA /* Release.xcconfig */ = {isa = PBXFileReference; lastKnownFileType = text.xcconfig; path = Release.xcconfig; sourceTree = "<group>"; };
		D047262C19E49FE8006002AA /* Test.xcconfig */ = {isa = PBXFileReference; lastKnownFileType = text.xcconfig; path = Test.xcconfig; sourceTree = "<group>"; };
		D047262E19E49FE8006002AA /* Application.xcconfig */ = {isa = PBXFileReference; lastKnownFileType = text.xcconfig; path = Application.xcconfig; sourceTree = "<group>"; };
		D047262F19E49FE8006002AA /* Framework.xcconfig */ = {isa = PBXFileReference; lastKnownFileType = text.xcconfig; path = Framework.xcconfig; sourceTree = "<group>"; };
		D047263019E49FE8006002AA /* StaticLibrary.xcconfig */ = {isa = PBXFileReference; lastKnownFileType = text.xcconfig; path = StaticLibrary.xcconfig; sourceTree = "<group>"; };
		D047263219E49FE8006002AA /* iOS-Application.xcconfig */ = {isa = PBXFileReference; lastKnownFileType = text.xcconfig; path = "iOS-Application.xcconfig"; sourceTree = "<group>"; };
		D047263319E49FE8006002AA /* iOS-Base.xcconfig */ = {isa = PBXFileReference; lastKnownFileType = text.xcconfig; path = "iOS-Base.xcconfig"; sourceTree = "<group>"; };
		D047263419E49FE8006002AA /* iOS-Framework.xcconfig */ = {isa = PBXFileReference; lastKnownFileType = text.xcconfig; path = "iOS-Framework.xcconfig"; sourceTree = "<group>"; };
		D047263519E49FE8006002AA /* iOS-StaticLibrary.xcconfig */ = {isa = PBXFileReference; lastKnownFileType = text.xcconfig; path = "iOS-StaticLibrary.xcconfig"; sourceTree = "<group>"; };
		D047263719E49FE8006002AA /* Mac-Application.xcconfig */ = {isa = PBXFileReference; lastKnownFileType = text.xcconfig; path = "Mac-Application.xcconfig"; sourceTree = "<group>"; };
		D047263819E49FE8006002AA /* Mac-Base.xcconfig */ = {isa = PBXFileReference; lastKnownFileType = text.xcconfig; path = "Mac-Base.xcconfig"; sourceTree = "<group>"; };
		D047263919E49FE8006002AA /* Mac-DynamicLibrary.xcconfig */ = {isa = PBXFileReference; lastKnownFileType = text.xcconfig; path = "Mac-DynamicLibrary.xcconfig"; sourceTree = "<group>"; };
		D047263A19E49FE8006002AA /* Mac-Framework.xcconfig */ = {isa = PBXFileReference; lastKnownFileType = text.xcconfig; path = "Mac-Framework.xcconfig"; sourceTree = "<group>"; };
		D047263B19E49FE8006002AA /* Mac-StaticLibrary.xcconfig */ = {isa = PBXFileReference; lastKnownFileType = text.xcconfig; path = "Mac-StaticLibrary.xcconfig"; sourceTree = "<group>"; };
		D047263C19E49FE8006002AA /* README.md */ = {isa = PBXFileReference; lastKnownFileType = net.daringfireball.markdown; path = README.md; sourceTree = "<group>"; };
		D05E662419EDD82000904ACA /* Nimble.framework */ = {isa = PBXFileReference; explicitFileType = wrapper.framework; path = Nimble.framework; sourceTree = BUILT_PRODUCTS_DIR; };
/* End PBXFileReference section */

/* Begin PBXFrameworksBuildPhase section */
		D04725E619E49ED7006002AA /* Frameworks */ = {
			isa = PBXFrameworksBuildPhase;
			buildActionMask = 2147483647;
			files = (
			);
			runOnlyForDeploymentPostprocessing = 0;
		};
		D04725F219E49ED7006002AA /* Frameworks */ = {
			isa = PBXFrameworksBuildPhase;
			buildActionMask = 2147483647;
			files = (
				D05E662519EDD82000904ACA /* Nimble.framework in Frameworks */,
				D037672D19EDA75D00A782A9 /* Quick.framework in Frameworks */,
				D04725F619E49ED7006002AA /* ReactiveCocoa.framework in Frameworks */,
			);
			runOnlyForDeploymentPostprocessing = 0;
		};
		D047260819E49F82006002AA /* Frameworks */ = {
			isa = PBXFrameworksBuildPhase;
			buildActionMask = 2147483647;
			files = (
			);
			runOnlyForDeploymentPostprocessing = 0;
		};
		D047261319E49F82006002AA /* Frameworks */ = {
			isa = PBXFrameworksBuildPhase;
			buildActionMask = 2147483647;
			files = (
				D05E662619EDD83000904ACA /* Nimble.framework in Frameworks */,
				D037672F19EDA78B00A782A9 /* Quick.framework in Frameworks */,
				D047261719E49F82006002AA /* ReactiveCocoa.framework in Frameworks */,
			);
			runOnlyForDeploymentPostprocessing = 0;
		};
/* End PBXFrameworksBuildPhase section */

/* Begin PBXGroup section */
		D037667519EDA5D900A782A9 /* Specs */ = {
			isa = PBXGroup;
			children = (
				D037667619EDA60000A782A9 /* NSControllerRACSupportSpec.m */,
				D037667819EDA60000A782A9 /* NSEnumeratorRACSequenceAdditionsSpec.m */,
				D037667919EDA60000A782A9 /* NSNotificationCenterRACSupportSpec.m */,
				D037667A19EDA60000A782A9 /* NSObjectRACAppKitBindingsSpec.m */,
				D037667B19EDA60000A782A9 /* NSObjectRACDeallocatingSpec.m */,
				D037667C19EDA60000A782A9 /* NSObjectRACLiftingSpec.m */,
				D037667D19EDA60000A782A9 /* NSObjectRACPropertySubscribingExamples.h */,
				D037667E19EDA60000A782A9 /* NSObjectRACPropertySubscribingExamples.m */,
				D037667F19EDA60000A782A9 /* NSObjectRACPropertySubscribingSpec.m */,
				D037668019EDA60000A782A9 /* NSObjectRACSelectorSignalSpec.m */,
				D037668119EDA60000A782A9 /* NSStringRACKeyPathUtilitiesSpec.m */,
				D037668319EDA60000A782A9 /* NSURLConnectionRACSupportSpec.m */,
				D037668419EDA60000A782A9 /* NSUserDefaultsRACSupportSpec.m */,
				D037668519EDA60000A782A9 /* RACBacktraceSpec.m */,
				D037668619EDA60000A782A9 /* RACBlockTrampolineSpec.m */,
				D037668719EDA60000A782A9 /* RACChannelExamples.h */,
				D037668819EDA60000A782A9 /* RACChannelExamples.m */,
				D037668919EDA60000A782A9 /* RACChannelSpec.m */,
				D037668A19EDA60000A782A9 /* RACCommandSpec.m */,
				D037668B19EDA60000A782A9 /* RACCompoundDisposableSpec.m */,
				D037668C19EDA60000A782A9 /* RACControlCommandExamples.h */,
				D037668D19EDA60000A782A9 /* RACControlCommandExamples.m */,
				D037668E19EDA60000A782A9 /* RACDelegateProxySpec.m */,
				D037668F19EDA60000A782A9 /* RACDisposableSpec.m */,
				D037669019EDA60000A782A9 /* RACEventSpec.m */,
				D037669119EDA60000A782A9 /* RACKVOChannelSpec.m */,
				D037669219EDA60000A782A9 /* RACKVOWrapperSpec.m */,
				D037669319EDA60000A782A9 /* RACMulticastConnectionSpec.m */,
				D037669419EDA60000A782A9 /* RACPropertySignalExamples.h */,
				D037669519EDA60000A782A9 /* RACPropertySignalExamples.m */,
				D037669619EDA60000A782A9 /* RACSchedulerSpec.m */,
				D037669719EDA60000A782A9 /* RACSequenceAdditionsSpec.m */,
				D037669819EDA60000A782A9 /* RACSequenceExamples.h */,
				D037669919EDA60000A782A9 /* RACSequenceExamples.m */,
				D037669A19EDA60000A782A9 /* RACSequenceSpec.m */,
				D037669B19EDA60000A782A9 /* RACSerialDisposableSpec.m */,
				D037669C19EDA60000A782A9 /* RACSignalSpec.m */,
				D037669F19EDA60000A782A9 /* RACStreamExamples.h */,
				D03766A019EDA60000A782A9 /* RACStreamExamples.m */,
				D03766A119EDA60000A782A9 /* RACSubclassObject.h */,
				D03766A219EDA60000A782A9 /* RACSubclassObject.m */,
				D03766A319EDA60000A782A9 /* RACSubjectSpec.m */,
				D03766A419EDA60000A782A9 /* RACSubscriberExamples.h */,
				D03766A519EDA60000A782A9 /* RACSubscriberExamples.m */,
				D03766A619EDA60000A782A9 /* RACSubscriberSpec.m */,
				D03766A719EDA60000A782A9 /* RACSubscriptingAssignmentTrampolineSpec.m */,
				D03766A819EDA60000A782A9 /* RACTargetQueueSchedulerSpec.m */,
				D03766B019EDA60000A782A9 /* RACTupleSpec.m */,
				D03766B219EDA60000A782A9 /* UIActionSheetRACSupportSpec.m */,
				D03766B319EDA60000A782A9 /* UIAlertViewRACSupportSpec.m */,
				D03766B419EDA60000A782A9 /* UIBarButtonItemRACSupportSpec.m */,
				D03766B519EDA60000A782A9 /* UIButtonRACSupportSpec.m */,
				D03766B719EDA60000A782A9 /* UIImagePickerControllerRACSupportSpec.m */,
				D037673819EDCA0E00A782A9 /* SwiftSpec.swift */,
			);
			name = Specs;
			sourceTree = "<group>";
		};
		D04725E019E49ED7006002AA = {
			isa = PBXGroup;
			children = (
				D04725EC19E49ED7006002AA /* ReactiveCocoa */,
				D04725F919E49ED7006002AA /* ReactiveCocoaTests */,
				D047262519E49FE8006002AA /* Configuration */,
				D04725EB19E49ED7006002AA /* Products */,
			);
			sourceTree = "<group>";
		};
		D04725EB19E49ED7006002AA /* Products */ = {
			isa = PBXGroup;
			children = (
				D04725EA19E49ED7006002AA /* ReactiveCocoa.framework */,
				D04725F519E49ED7006002AA /* ReactiveCocoa-MacTests.xctest */,
				D047260C19E49F82006002AA /* ReactiveCocoa.framework */,
				D047261619E49F82006002AA /* ReactiveCocoa-iOSTests.xctest */,
			);
			name = Products;
			sourceTree = "<group>";
		};
		D04725EC19E49ED7006002AA /* ReactiveCocoa */ = {
			isa = PBXGroup;
			children = (
				CD1B87E51F2E1F0500E4CB23 /* ReactiveCocoa.h */,
				CD1B87E61F2E1F0500E4CB23 /* ReactiveCocoa.m */,
				D04725ED19E49ED7006002AA /* Supporting Files */,
			);
			path = ReactiveCocoa;
			sourceTree = "<group>";
		};
		D04725ED19E49ED7006002AA /* Supporting Files */ = {
			isa = PBXGroup;
			children = (
				D04725EE19E49ED7006002AA /* Info.plist */,
			);
			name = "Supporting Files";
			sourceTree = "<group>";
		};
		D04725F919E49ED7006002AA /* ReactiveCocoaTests */ = {
			isa = PBXGroup;
			children = (
				D037667519EDA5D900A782A9 /* Specs */,
				D04725FA19E49ED7006002AA /* Supporting Files */,
			);
			path = ReactiveCocoaTests;
			sourceTree = "<group>";
		};
		D04725FA19E49ED7006002AA /* Supporting Files */ = {
			isa = PBXGroup;
			children = (
				D05E662419EDD82000904ACA /* Nimble.framework */,
				D037672B19EDA75D00A782A9 /* Quick.framework */,
				D03766A919EDA60000A782A9 /* RACTestExampleScheduler.h */,
				D03766AA19EDA60000A782A9 /* RACTestExampleScheduler.m */,
				D03766AB19EDA60000A782A9 /* RACTestObject.h */,
				D03766AC19EDA60000A782A9 /* RACTestObject.m */,
				D03766AD19EDA60000A782A9 /* RACTestSchedulerSpec.m */,
				D03766AE19EDA60000A782A9 /* RACTestUIButton.h */,
				D03766AF19EDA60000A782A9 /* RACTestUIButton.m */,
				D03766B119EDA60000A782A9 /* test-data.json */,
				D04725FB19E49ED7006002AA /* Info.plist */,
			);
			name = "Supporting Files";
			sourceTree = "<group>";
		};
		D047262519E49FE8006002AA /* Configuration */ = {
			isa = PBXGroup;
			children = (
				D047262619E49FE8006002AA /* Base */,
				D047263119E49FE8006002AA /* iOS */,
				D047263619E49FE8006002AA /* Mac OS X */,
				D047263C19E49FE8006002AA /* README.md */,
			);
			name = Configuration;
			path = External/xcconfigs;
			sourceTree = "<group>";
		};
		D047262619E49FE8006002AA /* Base */ = {
			isa = PBXGroup;
			children = (
				D047262719E49FE8006002AA /* Common.xcconfig */,
				D047262819E49FE8006002AA /* Configurations */,
				D047262D19E49FE8006002AA /* Targets */,
			);
			path = Base;
			sourceTree = "<group>";
		};
		D047262819E49FE8006002AA /* Configurations */ = {
			isa = PBXGroup;
			children = (
				D047262919E49FE8006002AA /* Debug.xcconfig */,
				D047262A19E49FE8006002AA /* Profile.xcconfig */,
				D047262B19E49FE8006002AA /* Release.xcconfig */,
				D047262C19E49FE8006002AA /* Test.xcconfig */,
			);
			path = Configurations;
			sourceTree = "<group>";
		};
		D047262D19E49FE8006002AA /* Targets */ = {
			isa = PBXGroup;
			children = (
				D047262E19E49FE8006002AA /* Application.xcconfig */,
				D047262F19E49FE8006002AA /* Framework.xcconfig */,
				D047263019E49FE8006002AA /* StaticLibrary.xcconfig */,
			);
			path = Targets;
			sourceTree = "<group>";
		};
		D047263119E49FE8006002AA /* iOS */ = {
			isa = PBXGroup;
			children = (
				D047263219E49FE8006002AA /* iOS-Application.xcconfig */,
				D047263319E49FE8006002AA /* iOS-Base.xcconfig */,
				D047263419E49FE8006002AA /* iOS-Framework.xcconfig */,
				D047263519E49FE8006002AA /* iOS-StaticLibrary.xcconfig */,
			);
			path = iOS;
			sourceTree = "<group>";
		};
		D047263619E49FE8006002AA /* Mac OS X */ = {
			isa = PBXGroup;
			children = (
				D047263719E49FE8006002AA /* Mac-Application.xcconfig */,
				D047263819E49FE8006002AA /* Mac-Base.xcconfig */,
				D047263919E49FE8006002AA /* Mac-DynamicLibrary.xcconfig */,
				D047263A19E49FE8006002AA /* Mac-Framework.xcconfig */,
				D047263B19E49FE8006002AA /* Mac-StaticLibrary.xcconfig */,
			);
			path = "Mac OS X";
			sourceTree = "<group>";
		};
/* End PBXGroup section */

/* Begin PBXHeadersBuildPhase section */
		D04725E719E49ED7006002AA /* Headers */ = {
			isa = PBXHeadersBuildPhase;
			buildActionMask = 2147483647;
			files = (
				CD1B87E71F2E1F0500E4CB23 /* ReactiveCocoa.h in Headers */,
			);
			runOnlyForDeploymentPostprocessing = 0;
		};
		D047260919E49F82006002AA /* Headers */ = {
			isa = PBXHeadersBuildPhase;
			buildActionMask = 2147483647;
			files = (
				CD1B87E81F2E1F0500E4CB23 /* ReactiveCocoa.h in Headers */,
			);
			runOnlyForDeploymentPostprocessing = 0;
		};
/* End PBXHeadersBuildPhase section */

/* Begin PBXNativeTarget section */
		D04725E919E49ED7006002AA /* ReactiveCocoa-Mac */ = {
			isa = PBXNativeTarget;
			buildConfigurationList = D047260019E49ED7006002AA /* Build configuration list for PBXNativeTarget "ReactiveCocoa-Mac" */;
			buildPhases = (
				D04725E519E49ED7006002AA /* Sources */,
				D04725E619E49ED7006002AA /* Frameworks */,
				D04725E719E49ED7006002AA /* Headers */,
				D04725E819E49ED7006002AA /* Resources */,
			);
			buildRules = (
			);
			dependencies = (
			);
			name = "ReactiveCocoa-Mac";
			productName = ReactiveCocoa;
			productReference = D04725EA19E49ED7006002AA /* ReactiveCocoa.framework */;
			productType = "com.apple.product-type.framework";
		};
		D04725F419E49ED7006002AA /* ReactiveCocoa-MacTests */ = {
			isa = PBXNativeTarget;
			buildConfigurationList = D047260319E49ED7006002AA /* Build configuration list for PBXNativeTarget "ReactiveCocoa-MacTests" */;
			buildPhases = (
				D04725F119E49ED7006002AA /* Sources */,
				D04725F219E49ED7006002AA /* Frameworks */,
				D04725F319E49ED7006002AA /* Resources */,
			);
			buildRules = (
			);
			dependencies = (
				D04725F819E49ED7006002AA /* PBXTargetDependency */,
			);
			name = "ReactiveCocoa-MacTests";
			productName = ReactiveCocoaTests;
			productReference = D04725F519E49ED7006002AA /* ReactiveCocoa-MacTests.xctest */;
			productType = "com.apple.product-type.bundle.unit-test";
		};
		D047260B19E49F82006002AA /* ReactiveCocoa-iOS */ = {
			isa = PBXNativeTarget;
			buildConfigurationList = D047261F19E49F82006002AA /* Build configuration list for PBXNativeTarget "ReactiveCocoa-iOS" */;
			buildPhases = (
				D047260719E49F82006002AA /* Sources */,
				D047260819E49F82006002AA /* Frameworks */,
				D047260919E49F82006002AA /* Headers */,
				D047260A19E49F82006002AA /* Resources */,
			);
			buildRules = (
			);
			dependencies = (
			);
			name = "ReactiveCocoa-iOS";
			productName = ReactiveCocoa;
			productReference = D047260C19E49F82006002AA /* ReactiveCocoa.framework */;
			productType = "com.apple.product-type.framework";
		};
		D047261519E49F82006002AA /* ReactiveCocoa-iOSTests */ = {
			isa = PBXNativeTarget;
			buildConfigurationList = D047262219E49F82006002AA /* Build configuration list for PBXNativeTarget "ReactiveCocoa-iOSTests" */;
			buildPhases = (
				D047261219E49F82006002AA /* Sources */,
				D047261319E49F82006002AA /* Frameworks */,
				D047261419E49F82006002AA /* Resources */,
				D01B7B6119EDD8F600D26E01 /* Copy Frameworks */,
			);
			buildRules = (
			);
			dependencies = (
				D047261919E49F82006002AA /* PBXTargetDependency */,
			);
			name = "ReactiveCocoa-iOSTests";
			productName = ReactiveCocoaTests;
			productReference = D047261619E49F82006002AA /* ReactiveCocoa-iOSTests.xctest */;
			productType = "com.apple.product-type.bundle.unit-test";
		};
/* End PBXNativeTarget section */

/* Begin PBXProject section */
		D04725E119E49ED7006002AA /* Project object */ = {
			isa = PBXProject;
			attributes = {
				LastUpgradeCheck = 0610;
				ORGANIZATIONNAME = GitHub;
				TargetAttributes = {
					D04725E919E49ED7006002AA = {
						CreatedOnToolsVersion = 6.1;
					};
					D04725F419E49ED7006002AA = {
						CreatedOnToolsVersion = 6.1;
					};
					D047260B19E49F82006002AA = {
						CreatedOnToolsVersion = 6.1;
					};
					D047261519E49F82006002AA = {
						CreatedOnToolsVersion = 6.1;
					};
				};
			};
			buildConfigurationList = D04725E419E49ED7006002AA /* Build configuration list for PBXProject "ReactiveCocoa" */;
			compatibilityVersion = "Xcode 3.2";
			developmentRegion = English;
			hasScannedForEncodings = 0;
			knownRegions = (
				en,
			);
			mainGroup = D04725E019E49ED7006002AA;
			productRefGroup = D04725EB19E49ED7006002AA /* Products */;
			projectDirPath = "";
			projectRoot = "";
			targets = (
				D04725E919E49ED7006002AA /* ReactiveCocoa-Mac */,
				D04725F419E49ED7006002AA /* ReactiveCocoa-MacTests */,
				D047260B19E49F82006002AA /* ReactiveCocoa-iOS */,
				D047261519E49F82006002AA /* ReactiveCocoa-iOSTests */,
			);
		};
/* End PBXProject section */

/* Begin PBXResourcesBuildPhase section */
		D04725E819E49ED7006002AA /* Resources */ = {
			isa = PBXResourcesBuildPhase;
			buildActionMask = 2147483647;
			files = (
			);
			runOnlyForDeploymentPostprocessing = 0;
		};
		D04725F319E49ED7006002AA /* Resources */ = {
			isa = PBXResourcesBuildPhase;
			buildActionMask = 2147483647;
			files = (
				D037671719EDA60000A782A9 /* test-data.json in Resources */,
			);
			runOnlyForDeploymentPostprocessing = 0;
		};
		D047260A19E49F82006002AA /* Resources */ = {
			isa = PBXResourcesBuildPhase;
			buildActionMask = 2147483647;
			files = (
			);
			runOnlyForDeploymentPostprocessing = 0;
		};
		D047261419E49F82006002AA /* Resources */ = {
			isa = PBXResourcesBuildPhase;
			buildActionMask = 2147483647;
			files = (
				D037671819EDA60000A782A9 /* test-data.json in Resources */,
			);
			runOnlyForDeploymentPostprocessing = 0;
		};
/* End PBXResourcesBuildPhase section */

/* Begin PBXSourcesBuildPhase section */
		D04725E519E49ED7006002AA /* Sources */ = {
			isa = PBXSourcesBuildPhase;
			buildActionMask = 2147483647;
			files = (
				CD1B87E91F2E1F0500E4CB23 /* ReactiveCocoa.m in Sources */,
			);
			runOnlyForDeploymentPostprocessing = 0;
		};
		D04725F119E49ED7006002AA /* Sources */ = {
			isa = PBXSourcesBuildPhase;
			buildActionMask = 2147483647;
			files = (
				D03766C719EDA60000A782A9 /* NSObjectRACPropertySubscribingExamples.m in Sources */,
				D03766E319EDA60000A782A9 /* RACDelegateProxySpec.m in Sources */,
				D03766F919EDA60000A782A9 /* RACSerialDisposableSpec.m in Sources */,
				D037670B19EDA60000A782A9 /* RACTargetQueueSchedulerSpec.m in Sources */,
				D03766DD19EDA60000A782A9 /* RACCommandSpec.m in Sources */,
				D037670919EDA60000A782A9 /* RACSubscriptingAssignmentTrampolineSpec.m in Sources */,
				D03766EB19EDA60000A782A9 /* RACKVOWrapperSpec.m in Sources */,
				D03766E719EDA60000A782A9 /* RACEventSpec.m in Sources */,
				D03766F719EDA60000A782A9 /* RACSequenceSpec.m in Sources */,
				D03766C919EDA60000A782A9 /* NSObjectRACPropertySubscribingSpec.m in Sources */,
				D03766C319EDA60000A782A9 /* NSObjectRACDeallocatingSpec.m in Sources */,
				D03766BD19EDA60000A782A9 /* NSEnumeratorRACSequenceAdditionsSpec.m in Sources */,
				D037670119EDA60000A782A9 /* RACSubclassObject.m in Sources */,
				D03766CD19EDA60000A782A9 /* NSStringRACKeyPathUtilitiesSpec.m in Sources */,
				D037671519EDA60000A782A9 /* RACTupleSpec.m in Sources */,
				D03766C519EDA60000A782A9 /* NSObjectRACLiftingSpec.m in Sources */,
				D03766D119EDA60000A782A9 /* NSURLConnectionRACSupportSpec.m in Sources */,
				D03766F319EDA60000A782A9 /* RACSequenceAdditionsSpec.m in Sources */,
				D037670D19EDA60000A782A9 /* RACTestExampleScheduler.m in Sources */,
				D03766ED19EDA60000A782A9 /* RACMulticastConnectionSpec.m in Sources */,
				D03766E919EDA60000A782A9 /* RACKVOChannelSpec.m in Sources */,
				D03766FB19EDA60000A782A9 /* RACSignalSpec.m in Sources */,
				D037670719EDA60000A782A9 /* RACSubscriberSpec.m in Sources */,
				D03766EF19EDA60000A782A9 /* RACPropertySignalExamples.m in Sources */,
				D03766D519EDA60000A782A9 /* RACBacktraceSpec.m in Sources */,
				D037670519EDA60000A782A9 /* RACSubscriberExamples.m in Sources */,
				D03766D719EDA60000A782A9 /* RACBlockTrampolineSpec.m in Sources */,
				D03766FF19EDA60000A782A9 /* RACStreamExamples.m in Sources */,
				D03766CB19EDA60000A782A9 /* NSObjectRACSelectorSignalSpec.m in Sources */,
				D037673919EDCA0E00A782A9 /* SwiftSpec.swift in Sources */,
				D03766E119EDA60000A782A9 /* RACControlCommandExamples.m in Sources */,
				D03766BF19EDA60000A782A9 /* NSNotificationCenterRACSupportSpec.m in Sources */,
				D037670319EDA60000A782A9 /* RACSubjectSpec.m in Sources */,
				D03766F119EDA60000A782A9 /* RACSchedulerSpec.m in Sources */,
				D03766DF19EDA60000A782A9 /* RACCompoundDisposableSpec.m in Sources */,
				D03766E519EDA60000A782A9 /* RACDisposableSpec.m in Sources */,
				D03766D319EDA60000A782A9 /* NSUserDefaultsRACSupportSpec.m in Sources */,
				D037671119EDA60000A782A9 /* RACTestSchedulerSpec.m in Sources */,
				D03766C119EDA60000A782A9 /* NSObjectRACAppKitBindingsSpec.m in Sources */,
				D03766DB19EDA60000A782A9 /* RACChannelSpec.m in Sources */,
				D03766D919EDA60000A782A9 /* RACChannelExamples.m in Sources */,
				D03766F519EDA60000A782A9 /* RACSequenceExamples.m in Sources */,
				D03766B919EDA60000A782A9 /* NSControllerRACSupportSpec.m in Sources */,
				D037670F19EDA60000A782A9 /* RACTestObject.m in Sources */,
			);
			runOnlyForDeploymentPostprocessing = 0;
		};
		D047260719E49F82006002AA /* Sources */ = {
			isa = PBXSourcesBuildPhase;
			buildActionMask = 2147483647;
			files = (
				CD1B87EA1F2E1F0500E4CB23 /* ReactiveCocoa.m in Sources */,
			);
			runOnlyForDeploymentPostprocessing = 0;
		};
		D047261219E49F82006002AA /* Sources */ = {
			isa = PBXSourcesBuildPhase;
			buildActionMask = 2147483647;
			files = (
				D03766C819EDA60000A782A9 /* NSObjectRACPropertySubscribingExamples.m in Sources */,
				D037672419EDA60000A782A9 /* UIImagePickerControllerRACSupportSpec.m in Sources */,
				D03766E419EDA60000A782A9 /* RACDelegateProxySpec.m in Sources */,
				D03766FA19EDA60000A782A9 /* RACSerialDisposableSpec.m in Sources */,
				D037670C19EDA60000A782A9 /* RACTargetQueueSchedulerSpec.m in Sources */,
				D03766DE19EDA60000A782A9 /* RACCommandSpec.m in Sources */,
				D037670A19EDA60000A782A9 /* RACSubscriptingAssignmentTrampolineSpec.m in Sources */,
				D03766EC19EDA60000A782A9 /* RACKVOWrapperSpec.m in Sources */,
				D037673A19EDCA0E00A782A9 /* SwiftSpec.swift in Sources */,
				D03766E819EDA60000A782A9 /* RACEventSpec.m in Sources */,
				D03766F819EDA60000A782A9 /* RACSequenceSpec.m in Sources */,
				D037671E19EDA60000A782A9 /* UIBarButtonItemRACSupportSpec.m in Sources */,
				D03766CA19EDA60000A782A9 /* NSObjectRACPropertySubscribingSpec.m in Sources */,
				D03766C419EDA60000A782A9 /* NSObjectRACDeallocatingSpec.m in Sources */,
				D03766BE19EDA60000A782A9 /* NSEnumeratorRACSequenceAdditionsSpec.m in Sources */,
				D037672019EDA60000A782A9 /* UIButtonRACSupportSpec.m in Sources */,
				D037670219EDA60000A782A9 /* RACSubclassObject.m in Sources */,
				D03766CE19EDA60000A782A9 /* NSStringRACKeyPathUtilitiesSpec.m in Sources */,
				D037671619EDA60000A782A9 /* RACTupleSpec.m in Sources */,
				D03766C619EDA60000A782A9 /* NSObjectRACLiftingSpec.m in Sources */,
				D03766D219EDA60000A782A9 /* NSURLConnectionRACSupportSpec.m in Sources */,
				D03766F419EDA60000A782A9 /* RACSequenceAdditionsSpec.m in Sources */,
				D037670E19EDA60000A782A9 /* RACTestExampleScheduler.m in Sources */,
				D03766EE19EDA60000A782A9 /* RACMulticastConnectionSpec.m in Sources */,
				D03766EA19EDA60000A782A9 /* RACKVOChannelSpec.m in Sources */,
				D03766FC19EDA60000A782A9 /* RACSignalSpec.m in Sources */,
				D037670819EDA60000A782A9 /* RACSubscriberSpec.m in Sources */,
				D037671C19EDA60000A782A9 /* UIAlertViewRACSupportSpec.m in Sources */,
				D03766F019EDA60000A782A9 /* RACPropertySignalExamples.m in Sources */,
				D03766D619EDA60000A782A9 /* RACBacktraceSpec.m in Sources */,
				D037670619EDA60000A782A9 /* RACSubscriberExamples.m in Sources */,
				D03766D819EDA60000A782A9 /* RACBlockTrampolineSpec.m in Sources */,
				D037670019EDA60000A782A9 /* RACStreamExamples.m in Sources */,
				D03766CC19EDA60000A782A9 /* NSObjectRACSelectorSignalSpec.m in Sources */,
				D03766E219EDA60000A782A9 /* RACControlCommandExamples.m in Sources */,
				D03766C019EDA60000A782A9 /* NSNotificationCenterRACSupportSpec.m in Sources */,
				D037670419EDA60000A782A9 /* RACSubjectSpec.m in Sources */,
				D037671419EDA60000A782A9 /* RACTestUIButton.m in Sources */,
				D03766F219EDA60000A782A9 /* RACSchedulerSpec.m in Sources */,
				D03766E019EDA60000A782A9 /* RACCompoundDisposableSpec.m in Sources */,
				D03766E619EDA60000A782A9 /* RACDisposableSpec.m in Sources */,
				D03766D419EDA60000A782A9 /* NSUserDefaultsRACSupportSpec.m in Sources */,
				D037671219EDA60000A782A9 /* RACTestSchedulerSpec.m in Sources */,
				D03766DC19EDA60000A782A9 /* RACChannelSpec.m in Sources */,
				D037671A19EDA60000A782A9 /* UIActionSheetRACSupportSpec.m in Sources */,
				D03766DA19EDA60000A782A9 /* RACChannelExamples.m in Sources */,
				D03766F619EDA60000A782A9 /* RACSequenceExamples.m in Sources */,
				D037671019EDA60000A782A9 /* RACTestObject.m in Sources */,
			);
			runOnlyForDeploymentPostprocessing = 0;
		};
/* End PBXSourcesBuildPhase section */

/* Begin PBXTargetDependency section */
		D04725F819E49ED7006002AA /* PBXTargetDependency */ = {
			isa = PBXTargetDependency;
			target = D04725E919E49ED7006002AA /* ReactiveCocoa-Mac */;
			targetProxy = D04725F719E49ED7006002AA /* PBXContainerItemProxy */;
		};
		D047261919E49F82006002AA /* PBXTargetDependency */ = {
			isa = PBXTargetDependency;
			target = D047260B19E49F82006002AA /* ReactiveCocoa-iOS */;
			targetProxy = D047261819E49F82006002AA /* PBXContainerItemProxy */;
		};
/* End PBXTargetDependency section */

/* Begin XCBuildConfiguration section */
		D04725FE19E49ED7006002AA /* Debug */ = {
			isa = XCBuildConfiguration;
			baseConfigurationReference = D047262919E49FE8006002AA /* Debug.xcconfig */;
			buildSettings = {
				CURRENT_PROJECT_VERSION = 1;
				IPHONEOS_DEPLOYMENT_TARGET = 8.0;
				MACOSX_DEPLOYMENT_TARGET = 10.8;
				TARGETED_DEVICE_FAMILY = "1,2";
				VERSIONING_SYSTEM = "apple-generic";
				VERSION_INFO_PREFIX = "";
			};
			name = Debug;
		};
		D04725FF19E49ED7006002AA /* Release */ = {
			isa = XCBuildConfiguration;
			baseConfigurationReference = D047262B19E49FE8006002AA /* Release.xcconfig */;
			buildSettings = {
				CURRENT_PROJECT_VERSION = 1;
				IPHONEOS_DEPLOYMENT_TARGET = 8.0;
				MACOSX_DEPLOYMENT_TARGET = 10.8;
				TARGETED_DEVICE_FAMILY = "1,2";
				VERSIONING_SYSTEM = "apple-generic";
				VERSION_INFO_PREFIX = "";
			};
			name = Release;
		};
		D047260119E49ED7006002AA /* Debug */ = {
			isa = XCBuildConfiguration;
			baseConfigurationReference = D047263A19E49FE8006002AA /* Mac-Framework.xcconfig */;
			buildSettings = {
				DYLIB_COMPATIBILITY_VERSION = 1;
				DYLIB_CURRENT_VERSION = 1;
				FRAMEWORK_VERSION = A;
				INFOPLIST_FILE = ReactiveCocoa/Info.plist;
				USER_HEADER_SEARCH_PATHS = ReactiveCocoa/extobjc;
			};
			name = Debug;
		};
		D047260219E49ED7006002AA /* Release */ = {
			isa = XCBuildConfiguration;
			baseConfigurationReference = D047263A19E49FE8006002AA /* Mac-Framework.xcconfig */;
			buildSettings = {
				DYLIB_COMPATIBILITY_VERSION = 1;
				DYLIB_CURRENT_VERSION = 1;
				FRAMEWORK_VERSION = A;
				INFOPLIST_FILE = ReactiveCocoa/Info.plist;
				USER_HEADER_SEARCH_PATHS = ReactiveCocoa/extobjc;
			};
			name = Release;
		};
		D047260419E49ED7006002AA /* Debug */ = {
			isa = XCBuildConfiguration;
			baseConfigurationReference = D047263719E49FE8006002AA /* Mac-Application.xcconfig */;
			buildSettings = {
				CLANG_ENABLE_MODULES = YES;
				FRAMEWORK_SEARCH_PATHS = (
					"$(DEVELOPER_FRAMEWORKS_DIR)",
					"$(inherited)",
				);
				INFOPLIST_FILE = ReactiveCocoaTests/Info.plist;
				LD_RUNPATH_SEARCH_PATHS = "$(inherited) @executable_path/../Frameworks @loader_path/../Frameworks";
				MACOSX_DEPLOYMENT_TARGET = 10.9;
				PRODUCT_NAME = "$(TARGET_NAME)";
				SWIFT_OPTIMIZATION_LEVEL = "-Onone";
			};
			name = Debug;
		};
		D047260519E49ED7006002AA /* Release */ = {
			isa = XCBuildConfiguration;
			baseConfigurationReference = D047263719E49FE8006002AA /* Mac-Application.xcconfig */;
			buildSettings = {
				CLANG_ENABLE_MODULES = YES;
				FRAMEWORK_SEARCH_PATHS = (
					"$(DEVELOPER_FRAMEWORKS_DIR)",
					"$(inherited)",
				);
				INFOPLIST_FILE = ReactiveCocoaTests/Info.plist;
				LD_RUNPATH_SEARCH_PATHS = "$(inherited) @executable_path/../Frameworks @loader_path/../Frameworks";
				MACOSX_DEPLOYMENT_TARGET = 10.9;
				PRODUCT_NAME = "$(TARGET_NAME)";
			};
			name = Release;
		};
		D047262019E49F82006002AA /* Debug */ = {
			isa = XCBuildConfiguration;
			baseConfigurationReference = D047263419E49FE8006002AA /* iOS-Framework.xcconfig */;
			buildSettings = {
				"CODE_SIGN_IDENTITY[sdk=iphoneos*]" = "iPhone Developer";
				DYLIB_COMPATIBILITY_VERSION = 1;
				DYLIB_CURRENT_VERSION = 1;
				INFOPLIST_FILE = ReactiveCocoa/Info.plist;
				USER_HEADER_SEARCH_PATHS = ReactiveCocoa/extobjc;
			};
			name = Debug;
		};
		D047262119E49F82006002AA /* Release */ = {
			isa = XCBuildConfiguration;
			baseConfigurationReference = D047263419E49FE8006002AA /* iOS-Framework.xcconfig */;
			buildSettings = {
				"CODE_SIGN_IDENTITY[sdk=iphoneos*]" = "iPhone Developer";
				DYLIB_COMPATIBILITY_VERSION = 1;
				DYLIB_CURRENT_VERSION = 1;
				INFOPLIST_FILE = ReactiveCocoa/Info.plist;
				USER_HEADER_SEARCH_PATHS = ReactiveCocoa/extobjc;
			};
			name = Release;
		};
		D047262319E49F82006002AA /* Debug */ = {
			isa = XCBuildConfiguration;
			baseConfigurationReference = D047263219E49FE8006002AA /* iOS-Application.xcconfig */;
			buildSettings = {
				CLANG_ENABLE_MODULES = YES;
				FRAMEWORK_SEARCH_PATHS = (
					"$(SDKROOT)/Developer/Library/Frameworks",
					"$(inherited)",
				);
				INFOPLIST_FILE = ReactiveCocoaTests/Info.plist;
				LD_RUNPATH_SEARCH_PATHS = "$(inherited) @executable_path/Frameworks @loader_path/Frameworks";
				PRODUCT_NAME = "$(TARGET_NAME)";
				SWIFT_OPTIMIZATION_LEVEL = "-Onone";
			};
			name = Debug;
		};
		D047262419E49F82006002AA /* Release */ = {
			isa = XCBuildConfiguration;
			baseConfigurationReference = D047263219E49FE8006002AA /* iOS-Application.xcconfig */;
			buildSettings = {
				CLANG_ENABLE_MODULES = YES;
				FRAMEWORK_SEARCH_PATHS = (
					"$(SDKROOT)/Developer/Library/Frameworks",
					"$(inherited)",
				);
				INFOPLIST_FILE = ReactiveCocoaTests/Info.plist;
				LD_RUNPATH_SEARCH_PATHS = "$(inherited) @executable_path/Frameworks @loader_path/Frameworks";
				PRODUCT_NAME = "$(TARGET_NAME)";
			};
			name = Release;
		};
		D047263D19E4A008006002AA /* Profile */ = {
			isa = XCBuildConfiguration;
			baseConfigurationReference = D047262A19E49FE8006002AA /* Profile.xcconfig */;
			buildSettings = {
				CURRENT_PROJECT_VERSION = 1;
				IPHONEOS_DEPLOYMENT_TARGET = 8.0;
				MACOSX_DEPLOYMENT_TARGET = 10.8;
				TARGETED_DEVICE_FAMILY = "1,2";
				VERSIONING_SYSTEM = "apple-generic";
				VERSION_INFO_PREFIX = "";
			};
			name = Profile;
		};
		D047263E19E4A008006002AA /* Profile */ = {
			isa = XCBuildConfiguration;
			baseConfigurationReference = D047263A19E49FE8006002AA /* Mac-Framework.xcconfig */;
			buildSettings = {
				DYLIB_COMPATIBILITY_VERSION = 1;
				DYLIB_CURRENT_VERSION = 1;
				FRAMEWORK_VERSION = A;
				INFOPLIST_FILE = ReactiveCocoa/Info.plist;
				USER_HEADER_SEARCH_PATHS = ReactiveCocoa/extobjc;
			};
			name = Profile;
		};
		D047263F19E4A008006002AA /* Profile */ = {
			isa = XCBuildConfiguration;
			baseConfigurationReference = D047263719E49FE8006002AA /* Mac-Application.xcconfig */;
			buildSettings = {
				CLANG_ENABLE_MODULES = YES;
				FRAMEWORK_SEARCH_PATHS = (
					"$(DEVELOPER_FRAMEWORKS_DIR)",
					"$(inherited)",
				);
				INFOPLIST_FILE = ReactiveCocoaTests/Info.plist;
				LD_RUNPATH_SEARCH_PATHS = "$(inherited) @executable_path/../Frameworks @loader_path/../Frameworks";
				MACOSX_DEPLOYMENT_TARGET = 10.9;
				PRODUCT_NAME = "$(TARGET_NAME)";
			};
			name = Profile;
		};
		D047264019E4A008006002AA /* Profile */ = {
			isa = XCBuildConfiguration;
			baseConfigurationReference = D047263419E49FE8006002AA /* iOS-Framework.xcconfig */;
			buildSettings = {
				"CODE_SIGN_IDENTITY[sdk=iphoneos*]" = "iPhone Developer";
				DYLIB_COMPATIBILITY_VERSION = 1;
				DYLIB_CURRENT_VERSION = 1;
				INFOPLIST_FILE = ReactiveCocoa/Info.plist;
				USER_HEADER_SEARCH_PATHS = ReactiveCocoa/extobjc;
			};
			name = Profile;
		};
		D047264119E4A008006002AA /* Profile */ = {
			isa = XCBuildConfiguration;
			baseConfigurationReference = D047263219E49FE8006002AA /* iOS-Application.xcconfig */;
			buildSettings = {
				CLANG_ENABLE_MODULES = YES;
				FRAMEWORK_SEARCH_PATHS = (
					"$(SDKROOT)/Developer/Library/Frameworks",
					"$(inherited)",
				);
				INFOPLIST_FILE = ReactiveCocoaTests/Info.plist;
				LD_RUNPATH_SEARCH_PATHS = "$(inherited) @executable_path/Frameworks @loader_path/Frameworks";
				PRODUCT_NAME = "$(TARGET_NAME)";
			};
			name = Profile;
		};
		D047264219E4A00B006002AA /* Test */ = {
			isa = XCBuildConfiguration;
			baseConfigurationReference = D047262C19E49FE8006002AA /* Test.xcconfig */;
			buildSettings = {
				CURRENT_PROJECT_VERSION = 1;
				IPHONEOS_DEPLOYMENT_TARGET = 8.0;
				MACOSX_DEPLOYMENT_TARGET = 10.8;
				TARGETED_DEVICE_FAMILY = "1,2";
				VERSIONING_SYSTEM = "apple-generic";
				VERSION_INFO_PREFIX = "";
			};
			name = Test;
		};
		D047264319E4A00B006002AA /* Test */ = {
			isa = XCBuildConfiguration;
			baseConfigurationReference = D047263A19E49FE8006002AA /* Mac-Framework.xcconfig */;
			buildSettings = {
				DYLIB_COMPATIBILITY_VERSION = 1;
				DYLIB_CURRENT_VERSION = 1;
				FRAMEWORK_VERSION = A;
				INFOPLIST_FILE = ReactiveCocoa/Info.plist;
				USER_HEADER_SEARCH_PATHS = ReactiveCocoa/extobjc;
			};
			name = Test;
		};
		D047264419E4A00B006002AA /* Test */ = {
			isa = XCBuildConfiguration;
			baseConfigurationReference = D047263719E49FE8006002AA /* Mac-Application.xcconfig */;
			buildSettings = {
				CLANG_ENABLE_MODULES = YES;
				FRAMEWORK_SEARCH_PATHS = (
					"$(DEVELOPER_FRAMEWORKS_DIR)",
					"$(inherited)",
				);
				INFOPLIST_FILE = ReactiveCocoaTests/Info.plist;
				LD_RUNPATH_SEARCH_PATHS = "$(inherited) @executable_path/../Frameworks @loader_path/../Frameworks";
				MACOSX_DEPLOYMENT_TARGET = 10.9;
				PRODUCT_NAME = "$(TARGET_NAME)";
				SWIFT_OPTIMIZATION_LEVEL = "-Onone";
			};
			name = Test;
		};
		D047264519E4A00B006002AA /* Test */ = {
			isa = XCBuildConfiguration;
			baseConfigurationReference = D047263419E49FE8006002AA /* iOS-Framework.xcconfig */;
			buildSettings = {
				"CODE_SIGN_IDENTITY[sdk=iphoneos*]" = "iPhone Developer";
				DYLIB_COMPATIBILITY_VERSION = 1;
				DYLIB_CURRENT_VERSION = 1;
				INFOPLIST_FILE = ReactiveCocoa/Info.plist;
				USER_HEADER_SEARCH_PATHS = ReactiveCocoa/extobjc;
			};
			name = Test;
		};
		D047264619E4A00B006002AA /* Test */ = {
			isa = XCBuildConfiguration;
			baseConfigurationReference = D047263219E49FE8006002AA /* iOS-Application.xcconfig */;
			buildSettings = {
				CLANG_ENABLE_MODULES = YES;
				FRAMEWORK_SEARCH_PATHS = (
					"$(SDKROOT)/Developer/Library/Frameworks",
					"$(inherited)",
				);
				INFOPLIST_FILE = ReactiveCocoaTests/Info.plist;
				LD_RUNPATH_SEARCH_PATHS = "$(inherited) @executable_path/Frameworks @loader_path/Frameworks";
				PRODUCT_NAME = "$(TARGET_NAME)";
				SWIFT_OPTIMIZATION_LEVEL = "-Onone";
			};
			name = Test;
		};
/* End XCBuildConfiguration section */

/* Begin XCConfigurationList section */
		D04725E419E49ED7006002AA /* Build configuration list for PBXProject "ReactiveCocoa" */ = {
			isa = XCConfigurationList;
			buildConfigurations = (
				D04725FE19E49ED7006002AA /* Debug */,
				D047264219E4A00B006002AA /* Test */,
				D04725FF19E49ED7006002AA /* Release */,
				D047263D19E4A008006002AA /* Profile */,
			);
			defaultConfigurationIsVisible = 0;
			defaultConfigurationName = Release;
		};
		D047260019E49ED7006002AA /* Build configuration list for PBXNativeTarget "ReactiveCocoa-Mac" */ = {
			isa = XCConfigurationList;
			buildConfigurations = (
				D047260119E49ED7006002AA /* Debug */,
				D047264319E4A00B006002AA /* Test */,
				D047260219E49ED7006002AA /* Release */,
				D047263E19E4A008006002AA /* Profile */,
			);
			defaultConfigurationIsVisible = 0;
			defaultConfigurationName = Release;
		};
		D047260319E49ED7006002AA /* Build configuration list for PBXNativeTarget "ReactiveCocoa-MacTests" */ = {
			isa = XCConfigurationList;
			buildConfigurations = (
				D047260419E49ED7006002AA /* Debug */,
				D047264419E4A00B006002AA /* Test */,
				D047260519E49ED7006002AA /* Release */,
				D047263F19E4A008006002AA /* Profile */,
			);
			defaultConfigurationIsVisible = 0;
			defaultConfigurationName = Release;
		};
		D047261F19E49F82006002AA /* Build configuration list for PBXNativeTarget "ReactiveCocoa-iOS" */ = {
			isa = XCConfigurationList;
			buildConfigurations = (
				D047262019E49F82006002AA /* Debug */,
				D047264519E4A00B006002AA /* Test */,
				D047262119E49F82006002AA /* Release */,
				D047264019E4A008006002AA /* Profile */,
			);
			defaultConfigurationIsVisible = 0;
			defaultConfigurationName = Release;
		};
		D047262219E49F82006002AA /* Build configuration list for PBXNativeTarget "ReactiveCocoa-iOSTests" */ = {
			isa = XCConfigurationList;
			buildConfigurations = (
				D047262319E49F82006002AA /* Debug */,
				D047264619E4A00B006002AA /* Test */,
				D047262419E49F82006002AA /* Release */,
				D047264119E4A008006002AA /* Profile */,
			);
			defaultConfigurationIsVisible = 0;
			defaultConfigurationName = Release;
		};
/* End XCConfigurationList section */
	};
	rootObject = D04725E119E49ED7006002AA /* Project object */;
}
